
Microsoft Visual Studio Solution File, Format Version 12.00
# Visual Studio 15
VisualStudioVersion = 15.0.28010.2016
MinimumVisualStudioVersion = 10.0.40219.1
Project("{8BC9CEB8-8B4A-11D0-8D11-00A0C91BC942}") = "Project8", "Project8\Project8.vcxproj", "{48B38A7A-26E9-4C79-AACB-36E95078614C}"
EndProject
Global
	GlobalSection(SolutionConfigurationPlatforms) = preSolution
		Debug|x64 = Debug|x64
		Debug|x86 = Debug|x86
		Release|x64 = Release|x64
		Release|x86 = Release|x86
	EndGlobalSection
	GlobalSection(ProjectConfigurationPlatforms) = postSolution
		{48B38A7A-26E9-4C79-AACB-36E95078614C}.Debug|x64.ActiveCfg = Debug|x64
		{48B38A7A-26E9-4C79-AACB-36E95078614C}.Debug|x64.Build.0 = Debug|x64
		{48B38A7A-26E9-4C79-AACB-36E95078614C}.Debug|x86.ActiveCfg = Debug|Win32
		{48B38A7A-26E9-4C79-AACB-36E95078614C}.Debug|x86.Build.0 = Debug|Win32
		{48B38A7A-26E9-4C79-AACB-36E95078614C}.Release|x64.ActiveCfg = Release|x64
		{48B38A7A-26E9-4C79-AACB-36E95078614C}.Release|x64.Build.0 = Release|x64
		{48B38A7A-26E9-4C79-AACB-36E95078614C}.Release|x86.ActiveCfg = Release|Win32
		{48B38A7A-26E9-4C79-AACB-36E95078614C}.Release|x86.Build.0 = Release|Win32
	EndGlobalSection
	GlobalSection(SolutionProperties) = preSolution
		HideSolutionNode = FALSE
	EndGlobalSection
	GlobalSection(ExtensibilityGlobals) = postSolution
		SolutionGuid = {7B4BB55A-F630-4174-B6F2-3658CDA1B178}
	EndGlobalSection
EndGlobal
